
Microsoft Visual Studio Solution File, Format Version 12.00
# Visual Studio Version 17
VisualStudioVersion = 17.7.34024.191
MinimumVisualStudioVersion = 10.0.40219.1
Project("{FAE04EC0-301F-11D3-BF4B-00C04F79EFBC}") = "C#SummattiveAssessment", "C#SummattiveAssessment\C#SummattiveAssessment.csproj", "{FF090A16-D334-4B74-BED0-9D87206CFEE8}"
EndProject
Global
	GlobalSection(SolutionConfigurationPlatforms) = preSolution
		Debug|Any CPU = Debug|Any CPU
		Release|Any CPU = Release|Any CPU
	EndGlobalSection
	GlobalSection(ProjectConfigurationPlatforms) = postSolution
		{FF090A16-D334-4B74-BED0-9D87206CFEE8}.Debug|Any CPU.ActiveCfg = Debug|Any CPU
		{FF090A16-D334-4B74-BED0-9D87206CFEE8}.Debug|Any CPU.Build.0 = Debug|Any CPU
		{FF090A16-D334-4B74-BED0-9D87206CFEE8}.Release|Any CPU.ActiveCfg = Release|Any CPU
		{FF090A16-D334-4B74-BED0-9D87206CFEE8}.Release|Any CPU.Build.0 = Release|Any CPU
	EndGlobalSection
	GlobalSection(SolutionProperties) = preSolution
		HideSolutionNode = FALSE
	EndGlobalSection
	GlobalSection(ExtensibilityGlobals) = postSolution
		SolutionGuid = {3DB83F84-E1CE-4AB1-BF64-457DE0FD6573}
	EndGlobalSection
EndGlobal
